
Microsoft Visual Studio Solution File, Format Version 12.00
# Visual Studio Version 17
VisualStudioVersion = 17.7.34202.233
MinimumVisualStudioVersion = 10.0.40219.1
Project("{9A19103F-16F7-4668-BE54-9A1E7A4F7556}") = "octoPusAI", "octoPusAI.csproj", "{93B86F27-91FA-43A6-B256-15FF086A9AF0}"
EndProject
Global
	GlobalSection(SolutionConfigurationPlatforms) = preSolution
		Debug|Any CPU = Debug|Any CPU
		Release|Any CPU = Release|Any CPU
	EndGlobalSection
	GlobalSection(ProjectConfigurationPlatforms) = postSolution
		{93B86F27-91FA-43A6-B256-15FF086A9AF0}.Debug|Any CPU.ActiveCfg = Debug|Any CPU
		{93B86F27-91FA-43A6-B256-15FF086A9AF0}.Debug|Any CPU.Build.0 = Debug|Any CPU
		{93B86F27-91FA-43A6-B256-15FF086A9AF0}.Release|Any CPU.ActiveCfg = Release|Any CPU
		{93B86F27-91FA-43A6-B256-15FF086A9AF0}.Release|Any CPU.Build.0 = Release|Any CPU
	EndGlobalSection
	GlobalSection(SolutionProperties) = preSolution
		HideSolutionNode = FALSE
	EndGlobalSection
	GlobalSection(ExtensibilityGlobals) = postSolution
		SolutionGuid = {5135C95D-AE88-4B78-B01C-B1B5E759B730}
	EndGlobalSection
EndGlobal
